
Microsoft Visual Studio Solution File, Format Version 12.00
# Visual Studio 15
VisualStudioVersion = 15.0.28307.1022
MinimumVisualStudioVersion = 10.0.40219.1
Project("{159641D6-6404-4A2A-AE62-294DE0FE8301}") = "Accounts-Payable", "Accounts-Payable\Accounts-Payable.dtproj", "{75C19A60-54F7-42DF-B40E-C6F899396E38}"
EndProject
Project("{00D1A9C2-B5F0-4AF3-8072-F6C62B433612}") = "Staging", "Staging\Staging.sqlproj", "{B3920AB0-6C2F-4F9B-9CA2-9BAB73C3EABE}"
EndProject
Project("{159641D6-6404-4A2A-AE62-294DE0FE8301}") = "CRM_OnBoarding", "CRM-OnBoarding\CRM_OnBoarding.dtproj", "{1E9158A4-3F09-4D40-BB10-79335CF2EEA7}"
EndProject
Project("{00D1A9C2-B5F0-4AF3-8072-F6C62B433612}") = "CRM_Staging", "CRM-Staging\CRM_Staging.sqlproj", "{9DB35D16-B05C-43BE-BD5E-4E04CAFE71B2}"
EndProject
Global
	GlobalSection(SolutionConfigurationPlatforms) = preSolution
		Debug|Any CPU = Debug|Any CPU
		Development|Any CPU = Development|Any CPU
		Release|Any CPU = Release|Any CPU
	EndGlobalSection
	GlobalSection(ProjectConfigurationPlatforms) = postSolution
		{75C19A60-54F7-42DF-B40E-C6F899396E38}.Debug|Any CPU.ActiveCfg = Development
		{75C19A60-54F7-42DF-B40E-C6F899396E38}.Debug|Any CPU.Build.0 = Development
		{75C19A60-54F7-42DF-B40E-C6F899396E38}.Development|Any CPU.ActiveCfg = Development
		{75C19A60-54F7-42DF-B40E-C6F899396E38}.Development|Any CPU.Build.0 = Development
		{75C19A60-54F7-42DF-B40E-C6F899396E38}.Release|Any CPU.ActiveCfg = Development
		{75C19A60-54F7-42DF-B40E-C6F899396E38}.Release|Any CPU.Build.0 = Development
		{B3920AB0-6C2F-4F9B-9CA2-9BAB73C3EABE}.Debug|Any CPU.ActiveCfg = Debug|Any CPU
		{B3920AB0-6C2F-4F9B-9CA2-9BAB73C3EABE}.Debug|Any CPU.Build.0 = Debug|Any CPU
		{B3920AB0-6C2F-4F9B-9CA2-9BAB73C3EABE}.Debug|Any CPU.Deploy.0 = Debug|Any CPU
		{B3920AB0-6C2F-4F9B-9CA2-9BAB73C3EABE}.Development|Any CPU.ActiveCfg = Debug|Any CPU
		{B3920AB0-6C2F-4F9B-9CA2-9BAB73C3EABE}.Development|Any CPU.Build.0 = Debug|Any CPU
		{B3920AB0-6C2F-4F9B-9CA2-9BAB73C3EABE}.Development|Any CPU.Deploy.0 = Debug|Any CPU
		{B3920AB0-6C2F-4F9B-9CA2-9BAB73C3EABE}.Release|Any CPU.ActiveCfg = Release|Any CPU
		{B3920AB0-6C2F-4F9B-9CA2-9BAB73C3EABE}.Release|Any CPU.Build.0 = Release|Any CPU
		{B3920AB0-6C2F-4F9B-9CA2-9BAB73C3EABE}.Release|Any CPU.Deploy.0 = Release|Any CPU
		{1E9158A4-3F09-4D40-BB10-79335CF2EEA7}.Debug|Any CPU.ActiveCfg = Development
		{1E9158A4-3F09-4D40-BB10-79335CF2EEA7}.Debug|Any CPU.Build.0 = Development
		{1E9158A4-3F09-4D40-BB10-79335CF2EEA7}.Development|Any CPU.ActiveCfg = Development
		{1E9158A4-3F09-4D40-BB10-79335CF2EEA7}.Development|Any CPU.Build.0 = Development
		{1E9158A4-3F09-4D40-BB10-79335CF2EEA7}.Release|Any CPU.ActiveCfg = Development
		{1E9158A4-3F09-4D40-BB10-79335CF2EEA7}.Release|Any CPU.Build.0 = Development
		{9DB35D16-B05C-43BE-BD5E-4E04CAFE71B2}.Debug|Any CPU.ActiveCfg = Debug|Any CPU
		{9DB35D16-B05C-43BE-BD5E-4E04CAFE71B2}.Debug|Any CPU.Build.0 = Debug|Any CPU
		{9DB35D16-B05C-43BE-BD5E-4E04CAFE71B2}.Debug|Any CPU.Deploy.0 = Debug|Any CPU
		{9DB35D16-B05C-43BE-BD5E-4E04CAFE71B2}.Development|Any CPU.ActiveCfg = Debug|Any CPU
		{9DB35D16-B05C-43BE-BD5E-4E04CAFE71B2}.Development|Any CPU.Build.0 = Debug|Any CPU
		{9DB35D16-B05C-43BE-BD5E-4E04CAFE71B2}.Development|Any CPU.Deploy.0 = Debug|Any CPU
		{9DB35D16-B05C-43BE-BD5E-4E04CAFE71B2}.Release|Any CPU.ActiveCfg = Release|Any CPU
		{9DB35D16-B05C-43BE-BD5E-4E04CAFE71B2}.Release|Any CPU.Build.0 = Release|Any CPU
		{9DB35D16-B05C-43BE-BD5E-4E04CAFE71B2}.Release|Any CPU.Deploy.0 = Release|Any CPU
	EndGlobalSection
	GlobalSection(SolutionProperties) = preSolution
		HideSolutionNode = FALSE
	EndGlobalSection
	GlobalSection(ExtensibilityGlobals) = postSolution
		SolutionGuid = {48918D01-16C0-4659-9826-0A03461BCBF6}
	EndGlobalSection
EndGlobal
